<?xml version="1.0" encoding="utf-8"?>
<Project ToolsVersion="4.0" xmlns="http://schemas.microsoft.com/developer/msbuild/2003">
  <ItemGroup>
    <Filter Include="源文件">
      <UniqueIdentifier>{4FC737F1-C7A5-4376-A066-2A32D752A2FF}</UniqueIdentifier>
      <Extensions>cpp;c;cc;cxx;def;odl;idl;hpj;bat;asm;asmx</Extensions>
    </Filter>
    <Filter Include="头文件">
      <UniqueIdentifier>{93995380-89BD-4b04-88EB-625FBE52EBFB}</UniqueIdentifier>
      <Extensions>h;hh;hpp;hxx;hm;inl;inc;ipp;xsd</Extensions>
    </Filter>
    <Filter Include="资源文件">
      <UniqueIdentifier>{67DA6AB6-F800-4c08-8B7A-83BB121AAD01}</UniqueIdentifier>
      <Extensions>rc;ico;cur;bmp;dlg;rc2;rct;bin;rgs;gif;jpg;jpeg;jpe;resx;tiff;tif;png;wav;mfcribbon-ms</Extensions>
    </Filter>
  </ItemGroup>
  <ItemGroup>
    <ClCompile Include="Leetcode13.cpp">
      <Filter>源文件</Filter>
    </ClCompile>
    <ClCompile Include="Leetcode14.cpp">
      <Filter>源文件</Filter>
    </ClCompile>
    <ClCompile Include="Leetcode35.cpp">
      <Filter>源文件</Filter>
    </ClCompile>
    <ClCompile Include="Leetcode283.cpp">
      <Filter>源文件</Filter>
    </ClCompile>
    <ClCompile Include="Leetcode27.cpp">
      <Filter>源文件</Filter>
    </ClCompile>
    <ClCompile Include="Leetcode26.cpp">
      <Filter>源文件</Filter>
    </ClCompile>
    <ClCompile Include="Leetcode80.cpp">
      <Filter>源文件</Filter>
    </ClCompile>
    <ClCompile Include="Leetcode88.cpp">
      <Filter>源文件</Filter>
    </ClCompile>
    <ClCompile Include="Leetcode75.cpp">
      <Filter>源文件</Filter>
    </ClCompile>
    <ClCompile Include="Leetcode215.cpp">
      <Filter>源文件</Filter>
    </ClCompile>
    <ClCompile Include="Leetcode167.cpp">
      <Filter>源文件</Filter>
    </ClCompile>
    <ClCompile Include="Leetcode125.cpp">
      <Filter>源文件</Filter>
    </ClCompile>
    <ClCompile Include="Leetcode344.cpp">
      <Filter>源文件</Filter>
    </ClCompile>
    <ClCompile Include="Leetcode345.cpp">
      <Filter>源文件</Filter>
    </ClCompile>
    <ClCompile Include="Leetcode11.cpp">
      <Filter>源文件</Filter>
    </ClCompile>
    <ClCompile Include="Leetcode209.cpp">
      <Filter>源文件</Filter>
    </ClCompile>
    <ClCompile Include="Leetcode3.cpp">
      <Filter>源文件</Filter>
    </ClCompile>
    <ClCompile Include="Leetcode438.cpp">
      <Filter>源文件</Filter>
    </ClCompile>
    <ClCompile Include="Leetcode349.cpp">
      <Filter>源文件</Filter>
    </ClCompile>
    <ClCompile Include="Leetcode350.cpp">
      <Filter>源文件</Filter>
    </ClCompile>
    <ClCompile Include="Leetcode844.cpp">
      <Filter>源文件</Filter>
    </ClCompile>
    <ClCompile Include="Leetcode242.cpp">
      <Filter>源文件</Filter>
    </ClCompile>
    <ClCompile Include="Leetcode202.cpp">
      <Filter>源文件</Filter>
    </ClCompile>
    <ClCompile Include="Leetcode290.cpp">
      <Filter>源文件</Filter>
    </ClCompile>
    <ClCompile Include="Leetcode206.cpp">
      <Filter>源文件</Filter>
    </ClCompile>
    <ClCompile Include="Leetcode92.cpp">
      <Filter>源文件</Filter>
    </ClCompile>
    <ClCompile Include="Leetcode83.cpp">
      <Filter>源文件</Filter>
    </ClCompile>
    <ClCompile Include="Leetcode86.cpp">
      <Filter>源文件</Filter>
    </ClCompile>
    <ClCompile Include="Leetcode328.cpp">
      <Filter>源文件</Filter>
    </ClCompile>
    <ClCompile Include="Leetcode2.cpp">
      <Filter>源文件</Filter>
    </ClCompile>
    <ClCompile Include="Leetcode203.cpp">
      <Filter>源文件</Filter>
    </ClCompile>
    <ClCompile Include="Leetcode21.cpp">
      <Filter>源文件</Filter>
    </ClCompile>
    <ClCompile Include="Leetcode24.cpp">
      <Filter>源文件</Filter>
    </ClCompile>
    <ClCompile Include="Leetcode82.cpp">
      <Filter>源文件</Filter>
    </ClCompile>
    <ClCompile Include="Leetcode19.cpp">
      <Filter>源文件</Filter>
    </ClCompile>
    <ClCompile Include="Leetcode20.cpp">
      <Filter>源文件</Filter>
    </ClCompile>
    <ClCompile Include="Leetcode144.cpp">
      <Filter>源文件</Filter>
    </ClCompile>
    <ClCompile Include="Leetcode94.cpp">
      <Filter>源文件</Filter>
    </ClCompile>
    <ClCompile Include="Leetcode145.cpp">
      <Filter>源文件</Filter>
    </ClCompile>
    <ClCompile Include="Leetcode102.cpp">
      <Filter>源文件</Filter>
    </ClCompile>
    <ClCompile Include="Leetcode107.cpp">
      <Filter>源文件</Filter>
    </ClCompile>
    <ClCompile Include="Leetcode199.cpp">
      <Filter>源文件</Filter>
    </ClCompile>
    <ClCompile Include="Leetcode257.cpp">
      <Filter>源文件</Filter>
    </ClCompile>
    <ClCompile Include="Leetcode104.cpp">
      <Filter>源文件</Filter>
    </ClCompile>
    <ClCompile Include="Leetcode100.cpp">
      <Filter>源文件</Filter>
    </ClCompile>
    <ClCompile Include="Leetcode112.cpp">
      <Filter>源文件</Filter>
    </ClCompile>
    <ClCompile Include="Leetcode111.cpp">
      <Filter>源文件</Filter>
    </ClCompile>
    <ClCompile Include="Leetcode110.cpp">
      <Filter>源文件</Filter>
    </ClCompile>
    <ClCompile Include="Leetcode445.cpp">
      <Filter>源文件</Filter>
    </ClCompile>
    <ClCompile Include="Leetcode39.cpp">
      <Filter>源文件</Filter>
    </ClCompile>
    <ClCompile Include="Leetcode40.cpp">
      <Filter>源文件</Filter>
    </ClCompile>
    <ClCompile Include="Leetcode46.cpp">
      <Filter>源文件</Filter>
    </ClCompile>
    <ClCompile Include="Leetcode47.cpp">
      <Filter>源文件</Filter>
    </ClCompile>
    <ClCompile Include="Leetcode51.cpp">
      <Filter>源文件</Filter>
    </ClCompile>
    <ClCompile Include="Leetcode52.cpp">
      <Filter>源文件</Filter>
    </ClCompile>
    <ClCompile Include="Leetcode79.cpp">
      <Filter>源文件</Filter>
    </ClCompile>
    <ClCompile Include="Leetcode322.cpp">
      <Filter>源文件</Filter>
    </ClCompile>
    <ClCompile Include="Leetcode90.cpp">
      <Filter>源文件</Filter>
    </ClCompile>
    <ClCompile Include="Leetcode101.cpp">
      <Filter>源文件</Filter>
    </ClCompile>
    <ClCompile Include="Leetcode198.cpp">
      <Filter>源文件</Filter>
    </ClCompile>
    <ClCompile Include="Leetcode300.cpp">
      <Filter>源文件</Filter>
    </ClCompile>
    <ClCompile Include="Leetcode416.cpp">
      <Filter>源文件</Filter>
    </ClCompile>
    <ClCompile Include="Leetcode17.cpp">
      <Filter>源文件</Filter>
    </ClCompile>
    <ClCompile Include="Leetcode25.cpp">
      <Filter>源文件</Filter>
    </ClCompile>
    <ClCompile Include="Leetcode61.cpp">
      <Filter>源文件</Filter>
    </ClCompile>
    <ClCompile Include="Leetcode71.cpp">
      <Filter>源文件</Filter>
    </ClCompile>
    <ClCompile Include="Leetcode76.cpp">
      <Filter>源文件</Filter>
    </ClCompile>
    <ClCompile Include="Leetcode77.cpp">
      <Filter>源文件</Filter>
    </ClCompile>
    <ClCompile Include="Leetcode78.cpp">
      <Filter>源文件</Filter>
    </ClCompile>
    <ClCompile Include="Leetcode93.cpp">
      <Filter>源文件</Filter>
    </ClCompile>
    <ClCompile Include="Leetcode103.cpp">
      <Filter>源文件</Filter>
    </ClCompile>
    <ClCompile Include="Leetcode108.cpp">
      <Filter>源文件</Filter>
    </ClCompile>
    <ClCompile Include="Leetcode113.cpp">
      <Filter>源文件</Filter>
    </ClCompile>
    <ClCompile Include="Leetcode126.cpp">
      <Filter>源文件</Filter>
    </ClCompile>
    <ClCompile Include="Leetcode127.cpp">
      <Filter>源文件</Filter>
    </ClCompile>
    <ClCompile Include="Leetcode129.cpp">
      <Filter>源文件</Filter>
    </ClCompile>
    <ClCompile Include="Leetcode131.cpp">
      <Filter>源文件</Filter>
    </ClCompile>
    <ClCompile Include="Leetcode143.cpp">
      <Filter>源文件</Filter>
    </ClCompile>
    <ClCompile Include="Leetcode147.cpp">
      <Filter>源文件</Filter>
    </ClCompile>
    <ClCompile Include="Leetcode148.cpp">
      <Filter>源文件</Filter>
    </ClCompile>
    <ClCompile Include="Leetcode150.cpp">
      <Filter>源文件</Filter>
    </ClCompile>
    <ClCompile Include="Leetcode200.cpp">
      <Filter>源文件</Filter>
    </ClCompile>
    <ClCompile Include="Leetcode205.cpp">
      <Filter>源文件</Filter>
    </ClCompile>
    <ClCompile Include="Leetcode216.cpp">
      <Filter>源文件</Filter>
    </ClCompile>
    <ClCompile Include="Leetcode217.cpp">
      <Filter>源文件</Filter>
    </ClCompile>
    <ClCompile Include="Leetcode219.cpp">
      <Filter>源文件</Filter>
    </ClCompile>
    <ClCompile Include="Leetcode220.cpp">
      <Filter>源文件</Filter>
    </ClCompile>
    <ClCompile Include="Leetcode222.cpp">
      <Filter>源文件</Filter>
    </ClCompile>
    <ClCompile Include="Leetcode226.cpp">
      <Filter>源文件</Filter>
    </ClCompile>
    <ClCompile Include="Leetcode230.cpp">
      <Filter>源文件</Filter>
    </ClCompile>
    <ClCompile Include="Leetcode234.cpp">
      <Filter>源文件</Filter>
    </ClCompile>
    <ClCompile Include="Leetcode235.cpp">
      <Filter>源文件</Filter>
    </ClCompile>
    <ClCompile Include="Leetcode236.cpp">
      <Filter>源文件</Filter>
    </ClCompile>
    <ClCompile Include="Leetcode237.cpp">
      <Filter>源文件</Filter>
    </ClCompile>
    <ClCompile Include="Leetcode279.cpp">
      <Filter>源文件</Filter>
    </ClCompile>
    <ClCompile Include="Leetcode341.cpp">
      <Filter>源文件</Filter>
    </ClCompile>
    <ClCompile Include="Leetcode347.cpp">
      <Filter>源文件</Filter>
    </ClCompile>
    <ClCompile Include="Leetcode377.cpp">
      <Filter>源文件</Filter>
    </ClCompile>
    <ClCompile Include="Leetcode404.cpp">
      <Filter>源文件</Filter>
    </ClCompile>
    <ClCompile Include="Leetcode417.cpp">
      <Filter>源文件</Filter>
    </ClCompile>
    <ClCompile Include="Leetcode437.cpp">
      <Filter>源文件</Filter>
    </ClCompile>
    <ClCompile Include="Leetcode450.cpp">
      <Filter>源文件</Filter>
    </ClCompile>
    <ClCompile Include="Leetcode451.cpp">
      <Filter>源文件</Filter>
    </ClCompile>
    <ClCompile Include="Leetcode23.cpp">
      <Filter>源文件</Filter>
    </ClCompile>
  </ItemGroup>
</Project>